# generated by rye
# use `rye lock` or `rye sync` to update this lockfile
#
# last locked with the following flags:
#   pre: false
#   features: []
#   all-features: false
#   with-sources: false
#   generate-hashes: false
#   universal: false

-e file:.
mouseinfo==0.1.3
    # via pyautogui
numpy==1.24.4
    # via opencv-python
opencv-python==4.10.0.84
    # via windows-gui
pillow==8.1.0
    # via pyscreeze
    # via windows-gui
pyautogui==0.9.54
    # via windows-gui
pygetwindow==0.0.9
    # via pyautogui
pymsgbox==1.0.9
    # via pyautogui
pyperclip==1.9.0
    # via mouseinfo
pyrect==0.2.0
    # via pygetwindow
pyscreeze==0.1.28
    # via pyautogui
pytweening==1.2.0
    # via pyautogui
